
Microsoft Visual Studio Solution File, Format Version 12.00
# Visual Studio Version 16
VisualStudioVersion = 16.0.33027.164
MinimumVisualStudioVersion = 10.0.40219.1
Project("{F184B08F-C81C-45F6-A57F-5ABD9991F28F}") = "TM742RadioProgrammingApp", "TM742RadioProgrammingApp\TM742RadioProgrammingApp.vbproj", "{2AAC4F9C-D214-4B0D-AE5D-1A0F862E89C8}"
EndProject
Global
	GlobalSection(SolutionConfigurationPlatforms) = preSolution
		Debug|Any CPU = Debug|Any CPU
		Release|Any CPU = Release|Any CPU
	EndGlobalSection
	GlobalSection(ProjectConfigurationPlatforms) = postSolution
		{2AAC4F9C-D214-4B0D-AE5D-1A0F862E89C8}.Debug|Any CPU.ActiveCfg = Debug|Any CPU
		{2AAC4F9C-D214-4B0D-AE5D-1A0F862E89C8}.Debug|Any CPU.Build.0 = Debug|Any CPU
		{2AAC4F9C-D214-4B0D-AE5D-1A0F862E89C8}.Release|Any CPU.ActiveCfg = Release|Any CPU
		{2AAC4F9C-D214-4B0D-AE5D-1A0F862E89C8}.Release|Any CPU.Build.0 = Release|Any CPU
	EndGlobalSection
	GlobalSection(SolutionProperties) = preSolution
		HideSolutionNode = FALSE
	EndGlobalSection
	GlobalSection(ExtensibilityGlobals) = postSolution
		SolutionGuid = {15FF0E7C-8CFD-4D09-B797-8F5BAF950DC0}
	EndGlobalSection
EndGlobal
